// !$*UTF8*$!
{
	archiveVersion = 1;
	classes = {
	};
	objectVersion = 46;
	objects = {

/* Begin PBXBuildFile section */
		4F1CD0071AA52D8800BFDCEB /* LionCub.swift in Sources */ = {isa = PBXBuildFile; fileRef = 4F1CD0061AA52D8800BFDCEB /* LionCub.swift */; };
		4F615C091A9EFD8100CDCADE /* Lion.swift in Sources */ = {isa = PBXBuildFile; fileRef = 4F615C081A9EFD8100CDCADE /* Lion.swift */; };
		4FBFA2D71A98055A0003FEA8 /* AppDelegate.swift in Sources */ = {isa = PBXBuildFile; fileRef = 4FBFA2D61A98055A0003FEA8 /* AppDelegate.swift */; };
		4FBFA2D91A98055A0003FEA8 /* ViewController.swift in Sources */ = {isa = PBXBuildFile; fileRef = 4FBFA2D81A98055A0003FEA8 /* ViewController.swift */; };
		4FBFA2DC1A98055A0003FEA8 /* Main.storyboard in Resources */ = {isa = PBXBuildFile; fileRef = 4FBFA2DA1A98055A0003FEA8 /* Main.storyboard */; };
		4FBFA2DE1A98055A0003FEA8 /* Images.xcassets in Resources */ = {isa = PBXBuildFile; fileRef = 4FBFA2DD1A98055A0003FEA8 /* Images.xcassets */; };
		4FBFA2E11A98055A0003FEA8 /* LaunchScreen.xib in Resources */ = {isa = PBXBuildFile; fileRef = 4FBFA2DF1A98055A0003FEA8 /* LaunchScreen.xib */; };
		4FBFA2ED1A98055A0003FEA8 /* LionsAndTigersTests.swift in Sources */ = {isa = PBXBuildFile; fileRef = 4FBFA2EC1A98055A0003FEA8 /* LionsAndTigersTests.swift */; };
		4FBFA2F91A9808890003FEA8 /* Tiger.swift in Sources */ = {isa = PBXBuildFile; fileRef = 4FBFA2F81A9808890003FEA8 /* Tiger.swift */; };
		4FBFA3031A980A630003FEA8 /* BengalTiger.jpg in Resources */ = {isa = PBXBuildFile; fileRef = 4FBFA2FB1A980A630003FEA8 /* BengalTiger.jpg */; };
		4FBFA3041A980A630003FEA8 /* IndochineseTiger.jpg in Resources */ = {isa = PBXBuildFile; fileRef = 4FBFA2FC1A980A630003FEA8 /* IndochineseTiger.jpg */; };
		4FBFA3051A980A630003FEA8 /* Lion.jpg in Resources */ = {isa = PBXBuildFile; fileRef = 4FBFA2FD1A980A630003FEA8 /* Lion.jpg */; };
		4FBFA3061A980A630003FEA8 /* LionCub1.jpg in Resources */ = {isa = PBXBuildFile; fileRef = 4FBFA2FE1A980A630003FEA8 /* LionCub1.jpg */; };
		4FBFA3071A980A630003FEA8 /* LionCub2.jpeg in Resources */ = {isa = PBXBuildFile; fileRef = 4FBFA2FF1A980A630003FEA8 /* LionCub2.jpeg */; };
		4FBFA3081A980A630003FEA8 /* Lioness.jpeg in Resources */ = {isa = PBXBuildFile; fileRef = 4FBFA3001A980A630003FEA8 /* Lioness.jpeg */; };
		4FBFA3091A980A630003FEA8 /* MalayanTiger.jpg in Resources */ = {isa = PBXBuildFile; fileRef = 4FBFA3011A980A630003FEA8 /* MalayanTiger.jpg */; };
		4FBFA30A1A980A630003FEA8 /* SiberianTiger.jpg in Resources */ = {isa = PBXBuildFile; fileRef = 4FBFA3021A980A630003FEA8 /* SiberianTiger.jpg */; };
/* End PBXBuildFile section */

/* Begin PBXContainerItemProxy section */
		4FBFA2E71A98055A0003FEA8 /* PBXContainerItemProxy */ = {
			isa = PBXContainerItemProxy;
			containerPortal = 4FBFA2C91A98055A0003FEA8 /* Project object */;
			proxyType = 1;
			remoteGlobalIDString = 4FBFA2D01A98055A0003FEA8;
			remoteInfo = LionsAndTigers;
		};
/* End PBXContainerItemProxy section */

/* Begin PBXFileReference section */
		4F1CD0061AA52D8800BFDCEB /* LionCub.swift */ = {isa = PBXFileReference; fileEncoding = 4; lastKnownFileType = sourcecode.swift; path = LionCub.swift; sourceTree = "<group>"; };
		4F615C081A9EFD8100CDCADE /* Lion.swift */ = {isa = PBXFileReference; fileEncoding = 4; lastKnownFileType = sourcecode.swift; path = Lion.swift; sourceTree = "<group>"; };
		4FBFA2D11A98055A0003FEA8 /* LionsAndTigers.app */ = {isa = PBXFileReference; explicitFileType = wrapper.application; includeInIndex = 0; path = LionsAndTigers.app; sourceTree = BUILT_PRODUCTS_DIR; };
		4FBFA2D51A98055A0003FEA8 /* Info.plist */ = {isa = PBXFileReference; lastKnownFileType = text.plist.xml; path = Info.plist; sourceTree = "<group>"; };
		4FBFA2D61A98055A0003FEA8 /* AppDelegate.swift */ = {isa = PBXFileReference; lastKnownFileType = sourcecode.swift; path = AppDelegate.swift; sourceTree = "<group>"; };
		4FBFA2D81A98055A0003FEA8 /* ViewController.swift */ = {isa = PBXFileReference; lastKnownFileType = sourcecode.swift; path = ViewController.swift; sourceTree = "<group>"; };
		4FBFA2DB1A98055A0003FEA8 /* Base */ = {isa = PBXFileReference; lastKnownFileType = file.storyboard; name = Base; path = Base.lproj/Main.storyboard; sourceTree = "<group>"; };
		4FBFA2DD1A98055A0003FEA8 /* Images.xcassets */ = {isa = PBXFileReference; lastKnownFileType = folder.assetcatalog; path = Images.xcassets; sourceTree = "<group>"; };
		4FBFA2E01A98055A0003FEA8 /* Base */ = {isa = PBXFileReference; lastKnownFileType = file.xib; name = Base; path = Base.lproj/LaunchScreen.xib; sourceTree = "<group>"; };
		4FBFA2E61A98055A0003FEA8 /* LionsAndTigersTests.xctest */ = {isa = PBXFileReference; explicitFileType = wrapper.cfbundle; includeInIndex = 0; path = LionsAndTigersTests.xctest; sourceTree = BUILT_PRODUCTS_DIR; };
		4FBFA2EB1A98055A0003FEA8 /* Info.plist */ = {isa = PBXFileReference; lastKnownFileType = text.plist.xml; path = Info.plist; sourceTree = "<group>"; };
		4FBFA2EC1A98055A0003FEA8 /* LionsAndTigersTests.swift */ = {isa = PBXFileReference; lastKnownFileType = sourcecode.swift; path = LionsAndTigersTests.swift; sourceTree = "<group>"; };
		4FBFA2F81A9808890003FEA8 /* Tiger.swift */ = {isa = PBXFileReference; fileEncoding = 4; lastKnownFileType = sourcecode.swift; path = Tiger.swift; sourceTree = "<group>"; };
		4FBFA2FB1A980A630003FEA8 /* BengalTiger.jpg */ = {isa = PBXFileReference; lastKnownFileType = image.jpeg; path = BengalTiger.jpg; sourceTree = "<group>"; };
		4FBFA2FC1A980A630003FEA8 /* IndochineseTiger.jpg */ = {isa = PBXFileReference; lastKnownFileType = image.jpeg; path = IndochineseTiger.jpg; sourceTree = "<group>"; };
		4FBFA2FD1A980A630003FEA8 /* Lion.jpg */ = {isa = PBXFileReference; lastKnownFileType = image.jpeg; path = Lion.jpg; sourceTree = "<group>"; };
		4FBFA2FE1A980A630003FEA8 /* LionCub1.jpg */ = {isa = PBXFileReference; lastKnownFileType = image.jpeg; path = LionCub1.jpg; sourceTree = "<group>"; };
		4FBFA2FF1A980A630003FEA8 /* LionCub2.jpeg */ = {isa = PBXFileReference; lastKnownFileType = image.jpeg; path = LionCub2.jpeg; sourceTree = "<group>"; };
		4FBFA3001A980A630003FEA8 /* Lioness.jpeg */ = {isa = PBXFileReference; lastKnownFileType = image.jpeg; path = Lioness.jpeg; sourceTree = "<group>"; };
		4FBFA3011A980A630003FEA8 /* MalayanTiger.jpg */ = {isa = PBXFileReference; lastKnownFileType = image.jpeg; path = MalayanTiger.jpg; sourceTree = "<group>"; };
		4FBFA3021A980A630003FEA8 /* SiberianTiger.jpg */ = {isa = PBXFileReference; lastKnownFileType = image.jpeg; path = SiberianTiger.jpg; sourceTree = "<group>"; };
/* End PBXFileReference section */

/* Begin PBXFrameworksBuildPhase section */
		4FBFA2CE1A98055A0003FEA8 /* Frameworks */ = {
			isa = PBXFrameworksBuildPhase;
			buildActionMask = 2147483647;
			files = (
			);
			runOnlyForDeploymentPostprocessing = 0;
		};
		4FBFA2E31A98055A0003FEA8 /* Frameworks */ = {
			isa = PBXFrameworksBuildPhase;
			buildActionMask = 2147483647;
			files = (
			);
			runOnlyForDeploymentPostprocessing = 0;
		};
/* End PBXFrameworksBuildPhase section */

/* Begin PBXGroup section */
		4FBFA2C81A98055A0003FEA8 = {
			isa = PBXGroup;
			children = (
				4FBFA2F81A9808890003FEA8 /* Tiger.swift */,
				4FBFA2D31A98055A0003FEA8 /* LionsAndTigers */,
				4FBFA2E91A98055A0003FEA8 /* LionsAndTigersTests */,
				4FBFA2D21A98055A0003FEA8 /* Products */,
			);
			sourceTree = "<group>";
		};
		4FBFA2D21A98055A0003FEA8 /* Products */ = {
			isa = PBXGroup;
			children = (
				4FBFA2D11A98055A0003FEA8 /* LionsAndTigers.app */,
				4FBFA2E61A98055A0003FEA8 /* LionsAndTigersTests.xctest */,
			);
			name = Products;
			sourceTree = "<group>";
		};
		4FBFA2D31A98055A0003FEA8 /* LionsAndTigers */ = {
			isa = PBXGroup;
			children = (
				4FBFA2D61A98055A0003FEA8 /* AppDelegate.swift */,
				4FBFA2D81A98055A0003FEA8 /* ViewController.swift */,
				4F615C081A9EFD8100CDCADE /* Lion.swift */,
				4FBFA2DA1A98055A0003FEA8 /* Main.storyboard */,
				4F1CD0061AA52D8800BFDCEB /* LionCub.swift */,
				4FBFA2DD1A98055A0003FEA8 /* Images.xcassets */,
				4FBFA2DF1A98055A0003FEA8 /* LaunchScreen.xib */,
				4FBFA2D41A98055A0003FEA8 /* Supporting Files */,
			);
			path = LionsAndTigers;
			sourceTree = "<group>";
		};
		4FBFA2D41A98055A0003FEA8 /* Supporting Files */ = {
			isa = PBXGroup;
			children = (
				4FBFA2FA1A980A630003FEA8 /* LionsAndTigersAssets */,
				4FBFA2D51A98055A0003FEA8 /* Info.plist */,
			);
			name = "Supporting Files";
			sourceTree = "<group>";
		};
		4FBFA2E91A98055A0003FEA8 /* LionsAndTigersTests */ = {
			isa = PBXGroup;
			children = (
				4FBFA2EC1A98055A0003FEA8 /* LionsAndTigersTests.swift */,
				4FBFA2EA1A98055A0003FEA8 /* Supporting Files */,
			);
			path = LionsAndTigersTests;
			sourceTree = "<group>";
		};
		4FBFA2EA1A98055A0003FEA8 /* Supporting Files */ = {
			isa = PBXGroup;
			children = (
				4FBFA2EB1A98055A0003FEA8 /* Info.plist */,
			);
			name = "Supporting Files";
			sourceTree = "<group>";
		};
		4FBFA2FA1A980A630003FEA8 /* LionsAndTigersAssets */ = {
			isa = PBXGroup;
			children = (
				4FBFA2FB1A980A630003FEA8 /* BengalTiger.jpg */,
				4FBFA2FC1A980A630003FEA8 /* IndochineseTiger.jpg */,
				4FBFA2FD1A980A630003FEA8 /* Lion.jpg */,
				4FBFA2FE1A980A630003FEA8 /* LionCub1.jpg */,
				4FBFA2FF1A980A630003FEA8 /* LionCub2.jpeg */,
				4FBFA3001A980A630003FEA8 /* Lioness.jpeg */,
				4FBFA3011A980A630003FEA8 /* MalayanTiger.jpg */,
				4FBFA3021A980A630003FEA8 /* SiberianTiger.jpg */,
			);
			path = LionsAndTigersAssets;
			sourceTree = "<group>";
		};
/* End PBXGroup section */

/* Begin PBXNativeTarget section */
		4FBFA2D01A98055A0003FEA8 /* LionsAndTigers */ = {
			isa = PBXNativeTarget;
			buildConfigurationList = 4FBFA2F01A98055A0003FEA8 /* Build configuration list for PBXNativeTarget "LionsAndTigers" */;
			buildPhases = (
				4FBFA2CD1A98055A0003FEA8 /* Sources */,
				4FBFA2CE1A98055A0003FEA8 /* Frameworks */,
				4FBFA2CF1A98055A0003FEA8 /* Resources */,
			);
			buildRules = (
			);
			dependencies = (
			);
			name = LionsAndTigers;
			productName = LionsAndTigers;
			productReference = 4FBFA2D11A98055A0003FEA8 /* LionsAndTigers.app */;
			productType = "com.apple.product-type.application";
		};
		4FBFA2E51A98055A0003FEA8 /* LionsAndTigersTests */ = {
			isa = PBXNativeTarget;
			buildConfigurationList = 4FBFA2F31A98055A0003FEA8 /* Build configuration list for PBXNativeTarget "LionsAndTigersTests" */;
			buildPhases = (
				4FBFA2E21A98055A0003FEA8 /* Sources */,
				4FBFA2E31A98055A0003FEA8 /* Frameworks */,
				4FBFA2E41A98055A0003FEA8 /* Resources */,
			);
			buildRules = (
			);
			dependencies = (
				4FBFA2E81A98055A0003FEA8 /* PBXTargetDependency */,
			);
			name = LionsAndTigersTests;
			productName = LionsAndTigersTests;
			productReference = 4FBFA2E61A98055A0003FEA8 /* LionsAndTigersTests.xctest */;
			productType = "com.apple.product-type.bundle.unit-test";
		};
/* End PBXNativeTarget section */

/* Begin PBXProject section */
		4FBFA2C91A98055A0003FEA8 /* Project object */ = {
			isa = PBXProject;
			attributes = {
				LastUpgradeCheck = 0610;
				ORGANIZATIONNAME = "Arnab Sinha";
				TargetAttributes = {
					4FBFA2D01A98055A0003FEA8 = {
						CreatedOnToolsVersion = 6.1.1;
					};
					4FBFA2E51A98055A0003FEA8 = {
						CreatedOnToolsVersion = 6.1.1;
						TestTargetID = 4FBFA2D01A98055A0003FEA8;
					};
				};
			};
			buildConfigurationList = 4FBFA2CC1A98055A0003FEA8 /* Build configuration list for PBXProject "LionsAndTigers" */;
			compatibilityVersion = "Xcode 3.2";
			developmentRegion = English;
			hasScannedForEncodings = 0;
			knownRegions = (
				en,
				Base,
			);
			mainGroup = 4FBFA2C81A98055A0003FEA8;
			productRefGroup = 4FBFA2D21A98055A0003FEA8 /* Products */;
			projectDirPath = "";
			projectRoot = "";
			targets = (
				4FBFA2D01A98055A0003FEA8 /* LionsAndTigers */,
				4FBFA2E51A98055A0003FEA8 /* LionsAndTigersTests */,
			);
		};
/* End PBXProject section */

/* Begin PBXResourcesBuildPhase section */
		4FBFA2CF1A98055A0003FEA8 /* Resources */ = {
			isa = PBXResourcesBuildPhase;
			buildActionMask = 2147483647;
			files = (
				4FBFA3041A980A630003FEA8 /* IndochineseTiger.jpg in Resources */,
				4FBFA2DC1A98055A0003FEA8 /* Main.storyboard in Resources */,
				4FBFA2E11A98055A0003FEA8 /* LaunchScreen.xib in Resources */,
				4FBFA3081A980A630003FEA8 /* Lioness.jpeg in Resources */,
				4FBFA3061A980A630003FEA8 /* LionCub1.jpg in Resources */,
				4FBFA3091A980A630003FEA8 /* MalayanTiger.jpg in Resources */,
				4FBFA30A1A980A630003FEA8 /* SiberianTiger.jpg in Resources */,
				4FBFA3031A980A630003FEA8 /* BengalTiger.jpg in Resources */,
				4FBFA2DE1A98055A0003FEA8 /* Images.xcassets in Resources */,
				4FBFA3051A980A630003FEA8 /* Lion.jpg in Resources */,
				4FBFA3071A980A630003FEA8 /* LionCub2.jpeg in Resources */,
			);
			runOnlyForDeploymentPostprocessing = 0;
		};
		4FBFA2E41A98055A0003FEA8 /* Resources */ = {
			isa = PBXResourcesBuildPhase;
			buildActionMask = 2147483647;
			files = (
			);
			runOnlyForDeploymentPostprocessing = 0;
		};
/* End PBXResourcesBuildPhase section */

/* Begin PBXSourcesBuildPhase section */
		4FBFA2CD1A98055A0003FEA8 /* Sources */ = {
			isa = PBXSourcesBuildPhase;
			buildActionMask = 2147483647;
			files = (
				4FBFA2D91A98055A0003FEA8 /* ViewController.swift in Sources */,
				4FBFA2F91A9808890003FEA8 /* Tiger.swift in Sources */,
				4FBFA2D71A98055A0003FEA8 /* AppDelegate.swift in Sources */,
				4F1CD0071AA52D8800BFDCEB /* LionCub.swift in Sources */,
				4F615C091A9EFD8100CDCADE /* Lion.swift in Sources */,
			);
			runOnlyForDeploymentPostprocessing = 0;
		};
		4FBFA2E21A98055A0003FEA8 /* Sources */ = {
			isa = PBXSourcesBuildPhase;
			buildActionMask = 2147483647;
			files = (
				4FBFA2ED1A98055A0003FEA8 /* LionsAndTigersTests.swift in Sources */,
			);
			runOnlyForDeploymentPostprocessing = 0;
		};
/* End PBXSourcesBuildPhase section */

/* Begin PBXTargetDependency section */
		4FBFA2E81A98055A0003FEA8 /* PBXTargetDependency */ = {
			isa = PBXTargetDependency;
			target = 4FBFA2D01A98055A0003FEA8 /* LionsAndTigers */;
			targetProxy = 4FBFA2E71A98055A0003FEA8 /* PBXContainerItemProxy */;
		};
/* End PBXTargetDependency section */

/* Begin PBXVariantGroup section */
		4FBFA2DA1A98055A0003FEA8 /* Main.storyboard */ = {
			isa = PBXVariantGroup;
			children = (
				4FBFA2DB1A98055A0003FEA8 /* Base */,
			);
			name = Main.storyboard;
			sourceTree = "<group>";
		};
		4FBFA2DF1A98055A0003FEA8 /* LaunchScreen.xib */ = {
			isa = PBXVariantGroup;
			children = (
				4FBFA2E01A98055A0003FEA8 /* Base */,
			);
			name = LaunchScreen.xib;
			sourceTree = "<group>";
		};
/* End PBXVariantGroup section */

/* Begin XCBuildConfiguration section */
		4FBFA2EE1A98055A0003FEA8 /* Debug */ = {
			isa = XCBuildConfiguration;
			buildSettings = {
				ALWAYS_SEARCH_USER_PATHS = NO;
				CLANG_CXX_LANGUAGE_STANDARD = "gnu++0x";
				CLANG_CXX_LIBRARY = "libc++";
				CLANG_ENABLE_MODULES = YES;
				CLANG_ENABLE_OBJC_ARC = YES;
				CLANG_WARN_BOOL_CONVERSION = YES;
				CLANG_WARN_CONSTANT_CONVERSION = YES;
				CLANG_WARN_DIRECT_OBJC_ISA_USAGE = YES_ERROR;
				CLANG_WARN_EMPTY_BODY = YES;
				CLANG_WARN_ENUM_CONVERSION = YES;
				CLANG_WARN_INT_CONVERSION = YES;
				CLANG_WARN_OBJC_ROOT_CLASS = YES_ERROR;
				CLANG_WARN_UNREACHABLE_CODE = YES;
				CLANG_WARN__DUPLICATE_METHOD_MATCH = YES;
				"CODE_SIGN_IDENTITY[sdk=iphoneos*]" = "iPhone Developer";
				COPY_PHASE_STRIP = NO;
				ENABLE_STRICT_OBJC_MSGSEND = YES;
				GCC_C_LANGUAGE_STANDARD = gnu99;
				GCC_DYNAMIC_NO_PIC = NO;
				GCC_OPTIMIZATION_LEVEL = 0;
				GCC_PREPROCESSOR_DEFINITIONS = (
					"DEBUG=1",
					"$(inherited)",
				);
				GCC_SYMBOLS_PRIVATE_EXTERN = NO;
				GCC_WARN_64_TO_32_BIT_CONVERSION = YES;
				GCC_WARN_ABOUT_RETURN_TYPE = YES_ERROR;
				GCC_WARN_UNDECLARED_SELECTOR = YES;
				GCC_WARN_UNINITIALIZED_AUTOS = YES_AGGRESSIVE;
				GCC_WARN_UNUSED_FUNCTION = YES;
				GCC_WARN_UNUSED_VARIABLE = YES;
				IPHONEOS_DEPLOYMENT_TARGET = 8.1;
				MTL_ENABLE_DEBUG_INFO = YES;
				ONLY_ACTIVE_ARCH = YES;
				SDKROOT = iphoneos;
				SWIFT_OPTIMIZATION_LEVEL = "-Onone";
				TARGETED_DEVICE_FAMILY = "1,2";
			};
			name = Debug;
		};
		4FBFA2EF1A98055A0003FEA8 /* Release */ = {
			isa = XCBuildConfiguration;
			buildSettings = {
				ALWAYS_SEARCH_USER_PATHS = NO;
				CLANG_CXX_LANGUAGE_STANDARD = "gnu++0x";
				CLANG_CXX_LIBRARY = "libc++";
				CLANG_ENABLE_MODULES = YES;
				CLANG_ENABLE_OBJC_ARC = YES;
				CLANG_WARN_BOOL_CONVERSION = YES;
				CLANG_WARN_CONSTANT_CONVERSION = YES;
				CLANG_WARN_DIRECT_OBJC_ISA_USAGE = YES_ERROR;
				CLANG_WARN_EMPTY_BODY = YES;
				CLANG_WARN_ENUM_CONVERSION = YES;
				CLANG_WARN_INT_CONVERSION = YES;
				CLANG_WARN_OBJC_ROOT_CLASS = YES_ERROR;
				CLANG_WARN_UNREACHABLE_CODE = YES;
				CLANG_WARN__DUPLICATE_METHOD_MATCH = YES;
				"CODE_SIGN_IDENTITY[sdk=iphoneos*]" = "iPhone Developer";
				COPY_PHASE_STRIP = YES;
				ENABLE_NS_ASSERTIONS = NO;
				ENABLE_STRICT_OBJC_MSGSEND = YES;
				GCC_C_LANGUAGE_STANDARD = gnu99;
				GCC_WARN_64_TO_32_BIT_CONVERSION = YES;
				GCC_WARN_ABOUT_RETURN_TYPE = YES_ERROR;
				GCC_WARN_UNDECLARED_SELECTOR = YES;
				GCC_WARN_UNINITIALIZED_AUTOS = YES_AGGRESSIVE;
				GCC_WARN_UNUSED_FUNCTION = YES;
				GCC_WARN_UNUSED_VARIABLE = YES;
				IPHONEOS_DEPLOYMENT_TARGET = 8.1;
				MTL_ENABLE_DEBUG_INFO = NO;
				SDKROOT = iphoneos;
				TARGETED_DEVICE_FAMILY = "1,2";
				VALIDATE_PRODUCT = YES;
			};
			name = Release;
		};
		4FBFA2F11A98055A0003FEA8 /* Debug */ = {
			isa = XCBuildConfiguration;
			buildSettings = {
				ASSETCATALOG_COMPILER_APPICON_NAME = AppIcon;
				INFOPLIST_FILE = LionsAndTigers/Info.plist;
				LD_RUNPATH_SEARCH_PATHS = "$(inherited) @executable_path/Frameworks";
				PRODUCT_NAME = "$(TARGET_NAME)";
			};
			name = Debug;
		};
		4FBFA2F21A98055A0003FEA8 /* Release */ = {
			isa = XCBuildConfiguration;
			buildSettings = {
				ASSETCATALOG_COMPILER_APPICON_NAME = AppIcon;
				INFOPLIST_FILE = LionsAndTigers/Info.plist;
				LD_RUNPATH_SEARCH_PATHS = "$(inherited) @executable_path/Frameworks";
				PRODUCT_NAME = "$(TARGET_NAME)";
			};
			name = Release;
		};
		4FBFA2F41A98055A0003FEA8 /* Debug */ = {
			isa = XCBuildConfiguration;
			buildSettings = {
				BUNDLE_LOADER = "$(TEST_HOST)";
				FRAMEWORK_SEARCH_PATHS = (
					"$(SDKROOT)/Developer/Library/Frameworks",
					"$(inherited)",
				);
				GCC_PREPROCESSOR_DEFINITIONS = (
					"DEBUG=1",
					"$(inherited)",
				);
				INFOPLIST_FILE = LionsAndTigersTests/Info.plist;
				LD_RUNPATH_SEARCH_PATHS = "$(inherited) @executable_path/Frameworks @loader_path/Frameworks";
				PRODUCT_NAME = "$(TARGET_NAME)";
				TEST_HOST = "$(BUILT_PRODUCTS_DIR)/LionsAndTigers.app/LionsAndTigers";
			};
			name = Debug;
		};
		4FBFA2F51A98055A0003FEA8 /* Release */ = {
			isa = XCBuildConfiguration;
			buildSettings = {
				BUNDLE_LOADER = "$(TEST_HOST)";
				FRAMEWORK_SEARCH_PATHS = (
					"$(SDKROOT)/Developer/Library/Frameworks",
					"$(inherited)",
				);
				INFOPLIST_FILE = LionsAndTigersTests/Info.plist;
				LD_RUNPATH_SEARCH_PATHS = "$(inherited) @executable_path/Frameworks @loader_path/Frameworks";
				PRODUCT_NAME = "$(TARGET_NAME)";
				TEST_HOST = "$(BUILT_PRODUCTS_DIR)/LionsAndTigers.app/LionsAndTigers";
			};
			name = Release;
		};
/* End XCBuildConfiguration section */

/* Begin XCConfigurationList section */
		4FBFA2CC1A98055A0003FEA8 /* Build configuration list for PBXProject "LionsAndTigers" */ = {
			isa = XCConfigurationList;
			buildConfigurations = (
				4FBFA2EE1A98055A0003FEA8 /* Debug */,
				4FBFA2EF1A98055A0003FEA8 /* Release */,
			);
			defaultConfigurationIsVisible = 0;
			defaultConfigurationName = Release;
		};
		4FBFA2F01A98055A0003FEA8 /* Build configuration list for PBXNativeTarget "LionsAndTigers" */ = {
			isa = XCConfigurationList;
			buildConfigurations = (
				4FBFA2F11A98055A0003FEA8 /* Debug */,
				4FBFA2F21A98055A0003FEA8 /* Release */,
			);
			defaultConfigurationIsVisible = 0;
			defaultConfigurationName = Release;
		};
		4FBFA2F31A98055A0003FEA8 /* Build configuration list for PBXNativeTarget "LionsAndTigersTests" */ = {
			isa = XCConfigurationList;
			buildConfigurations = (
				4FBFA2F41A98055A0003FEA8 /* Debug */,
				4FBFA2F51A98055A0003FEA8 /* Release */,
			);
			defaultConfigurationIsVisible = 0;
			defaultConfigurationName = Release;
		};
/* End XCConfigurationList section */
	};
	rootObject = 4FBFA2C91A98055A0003FEA8 /* Project object */;
}
